
Microsoft Visual Studio Solution File, Format Version 12.00
# Visual Studio 15
VisualStudioVersion = 15.0.28010.2050
MinimumVisualStudioVersion = 10.0.40219.1
Project("{FAE04EC0-301F-11D3-BF4B-00C04F79EFBC}") = "FizzBuzz", "FizzBuzz\FizzBuzz.csproj", "{40CB8EF6-DB80-41B4-937D-A1AA2C540C17}"
EndProject
Global
	GlobalSection(SolutionConfigurationPlatforms) = preSolution
		Debug|Any CPU = Debug|Any CPU
		Release|Any CPU = Release|Any CPU
	EndGlobalSection
	GlobalSection(ProjectConfigurationPlatforms) = postSolution
		{40CB8EF6-DB80-41B4-937D-A1AA2C540C17}.Debug|Any CPU.ActiveCfg = Debug|Any CPU
		{40CB8EF6-DB80-41B4-937D-A1AA2C540C17}.Debug|Any CPU.Build.0 = Debug|Any CPU
		{40CB8EF6-DB80-41B4-937D-A1AA2C540C17}.Release|Any CPU.ActiveCfg = Release|Any CPU
		{40CB8EF6-DB80-41B4-937D-A1AA2C540C17}.Release|Any CPU.Build.0 = Release|Any CPU
	EndGlobalSection
	GlobalSection(SolutionProperties) = preSolution
		HideSolutionNode = FALSE
	EndGlobalSection
	GlobalSection(ExtensibilityGlobals) = postSolution
		SolutionGuid = {27711C35-1B63-46D9-AC9A-40F3A8EF933F}
	EndGlobalSection
EndGlobal
