
Microsoft Visual Studio Solution File, Format Version 12.00
# Visual Studio 15
VisualStudioVersion = 15.0.28010.2050
MinimumVisualStudioVersion = 10.0.40219.1
Project("{FAE04EC0-301F-11D3-BF4B-00C04F79EFBC}") = "CSProject", "CSProject\CSProject.csproj", "{69911E6D-DD98-4C8C-9420-41D0B0CFF0ED}"
EndProject
Global
	GlobalSection(SolutionConfigurationPlatforms) = preSolution
		Debug|Any CPU = Debug|Any CPU
		Release|Any CPU = Release|Any CPU
	EndGlobalSection
	GlobalSection(ProjectConfigurationPlatforms) = postSolution
		{69911E6D-DD98-4C8C-9420-41D0B0CFF0ED}.Debug|Any CPU.ActiveCfg = Debug|Any CPU
		{69911E6D-DD98-4C8C-9420-41D0B0CFF0ED}.Debug|Any CPU.Build.0 = Debug|Any CPU
		{69911E6D-DD98-4C8C-9420-41D0B0CFF0ED}.Release|Any CPU.ActiveCfg = Release|Any CPU
		{69911E6D-DD98-4C8C-9420-41D0B0CFF0ED}.Release|Any CPU.Build.0 = Release|Any CPU
	EndGlobalSection
	GlobalSection(SolutionProperties) = preSolution
		HideSolutionNode = FALSE
	EndGlobalSection
	GlobalSection(ExtensibilityGlobals) = postSolution
		SolutionGuid = {48D78F6E-1C2F-4BEE-AAA0-850E01C25676}
	EndGlobalSection
EndGlobal
