
Microsoft Visual Studio Solution File, Format Version 12.00
# Visual Studio 15
VisualStudioVersion = 15.0.28010.2050
MinimumVisualStudioVersion = 10.0.40219.1
Project("{FAE04EC0-301F-11D3-BF4B-00C04F79EFBC}") = "InsuranceQuote", "InsuranceQuote\InsuranceQuote.csproj", "{4AB720C2-31D0-4CD4-88A2-67EE6F7CEC51}"
EndProject
Global
	GlobalSection(SolutionConfigurationPlatforms) = preSolution
		Debug|Any CPU = Debug|Any CPU
		Release|Any CPU = Release|Any CPU
	EndGlobalSection
	GlobalSection(ProjectConfigurationPlatforms) = postSolution
		{4AB720C2-31D0-4CD4-88A2-67EE6F7CEC51}.Debug|Any CPU.ActiveCfg = Debug|Any CPU
		{4AB720C2-31D0-4CD4-88A2-67EE6F7CEC51}.Debug|Any CPU.Build.0 = Debug|Any CPU
		{4AB720C2-31D0-4CD4-88A2-67EE6F7CEC51}.Release|Any CPU.ActiveCfg = Release|Any CPU
		{4AB720C2-31D0-4CD4-88A2-67EE6F7CEC51}.Release|Any CPU.Build.0 = Release|Any CPU
	EndGlobalSection
	GlobalSection(SolutionProperties) = preSolution
		HideSolutionNode = FALSE
	EndGlobalSection
	GlobalSection(ExtensibilityGlobals) = postSolution
		SolutionGuid = {69AE06E9-8EDD-4C84-B48C-6113FCDDA7AA}
	EndGlobalSection
EndGlobal
