
Microsoft Visual Studio Solution File, Format Version 12.00
# Visual Studio 15
VisualStudioVersion = 15.0.28010.2050
MinimumVisualStudioVersion = 10.0.40219.1
Project("{FAE04EC0-301F-11D3-BF4B-00C04F79EFBC}") = "TwentyOne", "TwentyOne\TwentyOne.csproj", "{3E1EE5DF-3645-4FAD-B64E-C3FAA495DD60}"
EndProject
Project("{FAE04EC0-301F-11D3-BF4B-00C04F79EFBC}") = "Casino", "Casino\Casino.csproj", "{AB512927-4A48-4FB1-ABE2-282EA70ED9B2}"
EndProject
Global
	GlobalSection(SolutionConfigurationPlatforms) = preSolution
		Debug|Any CPU = Debug|Any CPU
		Release|Any CPU = Release|Any CPU
	EndGlobalSection
	GlobalSection(ProjectConfigurationPlatforms) = postSolution
		{3E1EE5DF-3645-4FAD-B64E-C3FAA495DD60}.Debug|Any CPU.ActiveCfg = Debug|Any CPU
		{3E1EE5DF-3645-4FAD-B64E-C3FAA495DD60}.Debug|Any CPU.Build.0 = Debug|Any CPU
		{3E1EE5DF-3645-4FAD-B64E-C3FAA495DD60}.Release|Any CPU.ActiveCfg = Release|Any CPU
		{3E1EE5DF-3645-4FAD-B64E-C3FAA495DD60}.Release|Any CPU.Build.0 = Release|Any CPU
		{AB512927-4A48-4FB1-ABE2-282EA70ED9B2}.Debug|Any CPU.ActiveCfg = Debug|Any CPU
		{AB512927-4A48-4FB1-ABE2-282EA70ED9B2}.Debug|Any CPU.Build.0 = Debug|Any CPU
		{AB512927-4A48-4FB1-ABE2-282EA70ED9B2}.Release|Any CPU.ActiveCfg = Release|Any CPU
		{AB512927-4A48-4FB1-ABE2-282EA70ED9B2}.Release|Any CPU.Build.0 = Release|Any CPU
	EndGlobalSection
	GlobalSection(SolutionProperties) = preSolution
		HideSolutionNode = FALSE
	EndGlobalSection
	GlobalSection(ExtensibilityGlobals) = postSolution
		SolutionGuid = {A4769D98-5E32-48BB-BCFC-D0ACBE9234B9}
	EndGlobalSection
EndGlobal
